
Microsoft Visual Studio Solution File, Format Version 12.00
# Visual Studio Version 16
VisualStudioVersion = 16.0.34931.43
MinimumVisualStudioVersion = 10.0.40219.1
Project("{FAE04EC0-301F-11D3-BF4B-00C04F79EFBC}") = "41-practicum", "41-practicum.csproj", "{39176BB5-029F-403E-9DAE-933CCAB085AA}"
EndProject
Global
	GlobalSection(SolutionConfigurationPlatforms) = preSolution
		Debug|Any CPU = Debug|Any CPU
		Release|Any CPU = Release|Any CPU
	EndGlobalSection
	GlobalSection(ProjectConfigurationPlatforms) = postSolution
		{39176BB5-029F-403E-9DAE-933CCAB085AA}.Debug|Any CPU.ActiveCfg = Debug|Any CPU
		{39176BB5-029F-403E-9DAE-933CCAB085AA}.Debug|Any CPU.Build.0 = Debug|Any CPU
		{39176BB5-029F-403E-9DAE-933CCAB085AA}.Release|Any CPU.ActiveCfg = Release|Any CPU
		{39176BB5-029F-403E-9DAE-933CCAB085AA}.Release|Any CPU.Build.0 = Release|Any CPU
	EndGlobalSection
	GlobalSection(SolutionProperties) = preSolution
		HideSolutionNode = FALSE
	EndGlobalSection
	GlobalSection(ExtensibilityGlobals) = postSolution
		SolutionGuid = {F68BB177-DF74-4BD3-B2B0-A0C744467762}
	EndGlobalSection
EndGlobal
